{
    "_meta": {
        "hash": {
            "sha256": "bd1226b99159e73f8355bb9e29bac655b9fa2682e943cb76af2cdf1305097cce"
        },
        "pipfile-spec": 6,
        "requires": {
            "python_version": "3.7"
        },
        "sources": [
            {
                "name": "pypi",
                "url": "https://pypi.python.org/simple",
                "verify_ssl": true
            }
        ]
    },
    "default": {
        "beautifulsoup4": {
            "hashes": [
                "sha256:5279c36b4b2ec2cb4298d723791467e3000e5384a43ea0cdf5d45207c7e97169",
                "sha256:6135db2ba678168c07950f9a16c4031822c6f4aec75a65e0a97bc5ca09789931",
                "sha256:dcdef580e18a76d54002088602eba453eec38ebbcafafeaabd8cab12b6155d57"
            ],
            "version": "==4.8.1"
        },
        "bs4": {
            "hashes": [
                "sha256:36ecea1fd7cc5c0c6e4a1ff075df26d50da647b75376626cc186e2212886dd3a"
            ],
            "index": "pypi",
            "version": "==0.0.1"
        },
        "certifi": {
            "hashes": [
                "sha256:e4f3620cfea4f83eedc95b24abd9cd56f3c4b146dd0177e83a21b4eb49e21e50",
                "sha256:fd7c7c74727ddcf00e9acd26bba8da604ffec95bf1c2144e67aff7a8b50e6cef"
            ],
            "version": "==2019.9.11"
        },
        "chardet": {
            "hashes": [
                "sha256:84ab92ed1c4d4f16916e05906b6b75a6c0fb5db821cc65e70cbd64a3e2a5eaae",
                "sha256:fc323ffcaeaed0e0a02bf4d117757b98aed530d9ed4531e3e15460124c106691"
            ],
            "version": "==3.0.4"
        },
        "confuse": {
            "hashes": [
                "sha256:5977c6a876b179f8c86ecaf530cc24bf00baaad028c3350b502ee6949536188c"
            ],
            "index": "pypi",
            "version": "==1.0.0"
        },
        "dulwich": {
            "hashes": [
                "sha256:0e442f6f96e6d97270a7cca4e75306b6b0228627bdf57dde3759e0e345a6b523",
                "sha256:667f49536ccba09d3b90bac80d44048e45566f84b98a5e139cc8c70757a6ae60",
                "sha256:82792a9d49b112fa2151fa0fb29b01667855a843ff99325b1c1578a4aec11b57",
                "sha256:aa628449c5f594a9a282f4d9e5993fef65481ef5e3b9b6c52ff31200f8f5dc95",
                "sha256:ab4668bc4e1996d12eb1910e123a09edcff8e166e7ec46db5aafb5c7e250b99f",
                "sha256:c35ed2cd5b263ce0d67758ffba590c0466ff13b048457ff060b7d2e6cb55a40e",
                "sha256:c8b48079a14850cbeb788b38e1061ae6db75061431c1c0f91382460be4c84bbe",
                "sha256:dfcd9943c69f963dd61a027f480d16f548ea5905c2485be8f4b8f130df2c32de",
                "sha256:e3693c3238c1a5fc1e4427281c4455d78549f4797f2a7107a5f4443b21efafb4"
            ],
            "index": "pypi",
            "version": "==0.19.13"
        },
        "idna": {
            "hashes": [
                "sha256:c357b3f628cf53ae2c4c05627ecc484553142ca23264e593d327bcde5e9c3407",
                "sha256:ea8b7f6188e6fa117537c3df7da9fc686d485087abf6ac197f9c46432f7e4a3c"
            ],
            "version": "==2.8"
        },
        "jinja2": {
            "hashes": [
                "sha256:74320bb91f31270f9551d46522e33af46a80c3d619f4a4bf42b3164d30b5911f",
                "sha256:9fe95f19286cfefaa917656583d020be14e7859c6b0252588391e47db34527de"
            ],
            "version": "==2.10.3"
        },
        "jsonpickle": {
            "hashes": [
                "sha256:d0c5a4e6cb4e58f6d5406bdded44365c2bcf9c836c4f52910cc9ba7245a59dc2",
                "sha256:d3e922d781b1d0096df2dad89a2e1f47177d7969b596aea806a9d91b4626b29b"
            ],
            "index": "pypi",
            "version": "==1.2"
        },
        "markupsafe": {
            "hashes": [
                "sha256:00bc623926325b26bb9605ae9eae8a215691f33cae5df11ca5424f06f2d1f473",
                "sha256:09027a7803a62ca78792ad89403b1b7a73a01c8cb65909cd876f7fcebd79b161",
                "sha256:09c4b7f37d6c648cb13f9230d847adf22f8171b1ccc4d5682398e77f40309235",
                "sha256:1027c282dad077d0bae18be6794e6b6b8c91d58ed8a8d89a89d59693b9131db5",
                "sha256:24982cc2533820871eba85ba648cd53d8623687ff11cbb805be4ff7b4c971aff",
                "sha256:29872e92839765e546828bb7754a68c418d927cd064fd4708fab9fe9c8bb116b",
                "sha256:43a55c2930bbc139570ac2452adf3d70cdbb3cfe5912c71cdce1c2c6bbd9c5d1",
                "sha256:46c99d2de99945ec5cb54f23c8cd5689f6d7177305ebff350a58ce5f8de1669e",
                "sha256:500d4957e52ddc3351cabf489e79c91c17f6e0899158447047588650b5e69183",
                "sha256:535f6fc4d397c1563d08b88e485c3496cf5784e927af890fb3c3aac7f933ec66",
                "sha256:62fe6c95e3ec8a7fad637b7f3d372c15ec1caa01ab47926cfdf7a75b40e0eac1",
                "sha256:6dd73240d2af64df90aa7c4e7481e23825ea70af4b4922f8ede5b9e35f78a3b1",
                "sha256:717ba8fe3ae9cc0006d7c451f0bb265ee07739daf76355d06366154ee68d221e",
                "sha256:79855e1c5b8da654cf486b830bd42c06e8780cea587384cf6545b7d9ac013a0b",
                "sha256:7c1699dfe0cf8ff607dbdcc1e9b9af1755371f92a68f706051cc8c37d447c905",
                "sha256:88e5fcfb52ee7b911e8bb6d6aa2fd21fbecc674eadd44118a9cc3863f938e735",
                "sha256:8defac2f2ccd6805ebf65f5eeb132adcf2ab57aa11fdf4c0dd5169a004710e7d",
                "sha256:98c7086708b163d425c67c7a91bad6e466bb99d797aa64f965e9d25c12111a5e",
                "sha256:9add70b36c5666a2ed02b43b335fe19002ee5235efd4b8a89bfcf9005bebac0d",
                "sha256:9bf40443012702a1d2070043cb6291650a0841ece432556f784f004937f0f32c",
                "sha256:ade5e387d2ad0d7ebf59146cc00c8044acbd863725f887353a10df825fc8ae21",
                "sha256:b00c1de48212e4cc9603895652c5c410df699856a2853135b3967591e4beebc2",
                "sha256:b1282f8c00509d99fef04d8ba936b156d419be841854fe901d8ae224c59f0be5",
                "sha256:b2051432115498d3562c084a49bba65d97cf251f5a331c64a12ee7e04dacc51b",
                "sha256:ba59edeaa2fc6114428f1637ffff42da1e311e29382d81b339c1817d37ec93c6",
                "sha256:c8716a48d94b06bb3b2524c2b77e055fb313aeb4ea620c8dd03a105574ba704f",
                "sha256:cd5df75523866410809ca100dc9681e301e3c27567cf498077e8551b6d20e42f",
                "sha256:e249096428b3ae81b08327a63a485ad0878de3fb939049038579ac0ef61e17e7"
            ],
            "version": "==1.1.1"
        },
        "mkepub": {
            "hashes": [
                "sha256:6ef8336327c0e15348ed721d9ae16d6746228a7bc4a47360aaad553c2b74602c"
            ],
            "index": "pypi",
            "version": "==1.2"
        },
        "praw": {
            "hashes": [
                "sha256:2e5c98e49fe60e5308255ed147b670d350f98281f84f582df30f87de727b6de2",
                "sha256:cb8f85541ad4c6b10214ef9639acccfb5fed7ffee977be169b85357d2d2ea6d9"
            ],
            "index": "pypi",
            "version": "==6.4.0"
        },
        "prawcore": {
            "hashes": [
                "sha256:25dd14bf121bc0ad2ffc78e2322d9a01a516017105a5596cc21bb1e9a928b40c",
                "sha256:ab5558efb438aa73fc66c4178bfc809194dea3ce2addf4dec873de7e2fd2824e"
            ],
            "version": "==1.0.1"
        },
        "pyparsing": {
            "hashes": [
                "sha256:6f98a7b9397e206d78cc01df10131398f1c8b8510a2f4d97d9abd82e1aacdd80",
                "sha256:d9338df12903bbf5d65a0e4e87c2161968b10d2e489652bb47001d82a9b028b4"
            ],
            "version": "==2.4.2"
        },
        "pyyaml": {
            "hashes": [
                "sha256:0113bc0ec2ad727182326b61326afa3d1d8280ae1122493553fd6f4397f33df9",
                "sha256:01adf0b6c6f61bd11af6e10ca52b7d4057dd0be0343eb9283c878cf3af56aee4",
                "sha256:5124373960b0b3f4aa7df1707e63e9f109b5263eca5976c66e08b1c552d4eaf8",
                "sha256:5ca4f10adbddae56d824b2c09668e91219bb178a1eee1faa56af6f99f11bf696",
                "sha256:7907be34ffa3c5a32b60b95f4d95ea25361c951383a894fec31be7252b2b6f34",
                "sha256:7ec9b2a4ed5cad025c2278a1e6a19c011c80a3caaac804fd2d329e9cc2c287c9",
                "sha256:87ae4c829bb25b9fe99cf71fbb2140c448f534e24c998cc60f39ae4f94396a73",
                "sha256:9de9919becc9cc2ff03637872a440195ac4241c80536632fffeb6a1e25a74299",
                "sha256:a5a85b10e450c66b49f98846937e8cfca1db3127a9d5d1e31ca45c3d0bef4c5b",
                "sha256:b0997827b4f6a7c286c01c5f60384d218dca4ed7d9efa945c3e1aa623d5709ae",
                "sha256:b631ef96d3222e62861443cc89d6563ba3eeb816eeb96b2629345ab795e53681",
                "sha256:bf47c0607522fdbca6c9e817a6e81b08491de50f3766a7a0e6a5be7905961b41",
                "sha256:f81025eddd0327c7d4cfe9b62cf33190e1e736cc6e97502b3ec425f574b3e7a8"
            ],
            "version": "==5.1.2"
        },
        "requests": {
            "hashes": [
                "sha256:11e007a8a2aa0323f5a921e9e6a2d7e4e67d9877e85773fba9ba6419025cbeb4",
                "sha256:9cf5292fcd0f598c671cfc1e0d7d1a7f13bb8085e9a590f48c010551dc6c4b31"
            ],
            "index": "pypi",
            "version": "==2.22.0"
        },
        "six": {
            "hashes": [
                "sha256:3350809f0555b11f552448330d0b52d5f24c91a322ea4a15ef22629740f3761c",
                "sha256:d16a0141ec1a18405cd4ce8b4613101da75da0e9a7aec5bdd4fa804d0e0eba73"
            ],
            "version": "==1.12.0"
        },
        "soupsieve": {
            "hashes": [
                "sha256:605f89ad5fdbfefe30cdc293303665eff2d188865d4dbe4eb510bba1edfbfce3",
                "sha256:b91d676b330a0ebd5b21719cb6e9b57c57d433671f65b9c28dd3461d9a1ed0b6"
            ],
            "version": "==1.9.4"
        },
        "svgwrite": {
            "hashes": [
                "sha256:11e47749b159ed7004721e11d380b4642a26154b8cb2f7b0102fea9c71a3dfa1",
                "sha256:50fec23dc3fd49103808f0d672124f8c573ec5899da5686df734f856b8d3b737"
            ],
            "index": "pypi",
            "version": "==1.3.1"
        },
        "update-checker": {
            "hashes": [
                "sha256:59cfad7f9a0ee99f95f1dfc60f55bf184937bcab46a7270341c2c33695572453",
                "sha256:70e39446fccf77b21192cf7a8214051fa93a636dc3b5c8b602b589d100a168b8"
            ],
            "version": "==0.16"
        },
        "urllib3": {
            "hashes": [
                "sha256:3de946ffbed6e6746608990594d08faac602528ac7015ac28d33cee6a45b7398",
                "sha256:9a107b99a5393caf59c7aa3c1249c16e6879447533d0887f4336dde834c7be86"
            ],
            "version": "==1.25.6"
        },
        "websocket-client": {
            "hashes": [
                "sha256:1151d5fb3a62dc129164292e1227655e4bbc5dd5340a5165dfae61128ec50aa9",
                "sha256:1fd5520878b68b84b5748bb30e592b10d0a91529d5383f74f4964e72b297fd3a"
            ],
            "version": "==0.56.0"
        }
    },
    "develop": {
        "appdirs": {
            "hashes": [
                "sha256:9e5896d1372858f8dd3344faf4e5014d21849c756c8d5701f78f8a103b372d92",
                "sha256:d8b24664561d0d34ddfaec54636d502d7cea6e29c3eaf68f3df6180863e2166e"
            ],
            "version": "==1.4.3"
        },
        "atomicwrites": {
            "hashes": [
                "sha256:03472c30eb2c5d1ba9227e4c2ca66ab8287fbfbbda3888aa93dc2e28fc6811b4",
                "sha256:75a9445bac02d8d058d5e1fe689654ba5a6556a1dfd8ce6ec55a0ed79866cfa6"
            ],
            "version": "==1.3.0"
        },
        "attrs": {
            "hashes": [
                "sha256:ec20e7a4825331c1b5ebf261d111e16fa9612c1f7a5e1f884f12bd53a664dfd2",
                "sha256:f913492e1663d3c36f502e5e9ba6cd13cf19d7fab50aa13239e420fef95e1396"
            ],
            "version": "==19.2.0"
        },
        "backports.shutil-get-terminal-size": {
            "hashes": [
                "sha256:0975ba55054c15e346944b38956a4c9cbee9009391e41b86c68990effb8c1f64",
                "sha256:713e7a8228ae80341c70586d1cc0a8caa5207346927e23d09dcbcaf18eadec80"
            ],
            "version": "==1.0.0"
        },
        "black": {
            "hashes": [
                "sha256:09a9dcb7c46ed496a9850b76e4e825d6049ecd38b611f1224857a79bd985a8cf",
                "sha256:68950ffd4d9169716bcb8719a56c07a2f4485354fec061cdd5910aa07369731c"
            ],
            "index": "pypi",
            "version": "==19.3b0"
        },
        "click": {
            "hashes": [
                "sha256:2335065e6395b9e67ca716de5f7526736bfa6ceead690adf616d925bdc622b13",
                "sha256:5b94b49521f6456670fdb30cd82a4eca9412788a93fa6dd6df72c94d5a8ff2d7"
            ],
            "version": "==7.0"
        },
        "columnize": {
            "hashes": [
                "sha256:30d10054913f6ad49cc942eb5d26a116cf88d3c603a24a6c2863b90b340b84ad",
                "sha256:4f32d122d5e5c487357a710545caf7aca899fe6bcabca0e94ffdf434e27b6757",
                "sha256:fabb8e0e3a2241b18f31bf2416934f338c6ca1d3bbbaf434979813bf2a3e442b"
            ],
            "version": "==0.3.9"
        },
        "coverage": {
            "hashes": [
                "sha256:17a417c691de3fc88de027832267313e5ed2b2ea3956745b562c4c389e44d05b",
                "sha256:24307e67ebd9dc06fcbab9b7fef87412a97746c1baabb04ed8a93d5c2ccfe5ba",
                "sha256:2a5d44a9d8426bd3699123864e63f008dc8dea9df22d5216a141a25d4670f22c",
                "sha256:3726b8f5461e103a40e380f52b4b4ccdf2eda55d5d72f037cee43627992b4462",
                "sha256:39dd15bbc4880a64399e180925bbc21c0c316a3065f6455d2512039f5cb59b94",
                "sha256:3bb121f5dd156aab4fba2ebad6b0ad605bc5dc305931140dc614b101aa9d81ed",
                "sha256:3bfdea9226eaed97736c973a7d6d0bbf9e1c1f1c7391c8e9c2bb2d0dbae49156",
                "sha256:43be906a16239c1aa9f3742e3e6b0a5dd24781a13ce401f063262e9b4e93b69f",
                "sha256:4a54cac1b39b2925041a41bcd1f191898fe401618627d7c3abf127c32a1c6dd1",
                "sha256:4e58d65b90d6f26b3ccca7cf0fe573ef847347b8734af596a087a21eebb681f5",
                "sha256:50229727d9baf0cd7f5ee6b194bf9dea708e9a20823d93f9e04d710b0a60e757",
                "sha256:5141cdb010e9cd6939e37b8c2769d535cb535d80ef94f927c8a306f2e05a4736",
                "sha256:748ba2b950425b9aef9d1bde2d6af7023585505016bd634e578f76ada4a30465",
                "sha256:75e635bc6730c88b04421b25a0afc47b9b80efc1ed57630839196eb475722e50",
                "sha256:78556f51dbfb33f18794eee29a4a8542fd2e301aa0d072653930793974dced03",
                "sha256:7de17133509210ecc256535bab2f9a5547f3016c44f984fe12b4c10d81a4623f",
                "sha256:83bf376555898fe2dc50d111a34b0152b504e454ed1e13cdcda6e5d50ba0ed5b",
                "sha256:87730b5e4c3a42674fe8f0ecbb0d556c59c7e12b11a65c2178f2787252a80dfd",
                "sha256:9bb7819c020c20c6200764879f0b10b323d6d4719aa7b0ae316c9e35730f9e2d",
                "sha256:9c825788acb13d49ac20455433f3b862029aa497e97faba8c998555a042a6b91",
                "sha256:b2bb4941c8838fc9ea2fca3c52e6dd865d39bbbc014bde249161bf8fcccf2152",
                "sha256:c1b44c6c680f137910cb0f5481a2ae9899787ca7019f110a3708d9e99df941be",
                "sha256:c52c2bc67bd3ff8db685f7c5f03e34a95bddd58a535630161f28d1c485d61e22",
                "sha256:d6845e46338695c571759be1c770b013c477111e785b26151ec9feb6cd063543",
                "sha256:e292b32dfc80d9f271af2d52df95455248322156e764763c4bfb2385b2e33533"
            ],
            "version": "==5.0a8"
        },
        "doubles": {
            "hashes": [
                "sha256:3332349ea9683dc65f5866362f9f27b25cd35b1ad239db3c9d83ca5473665eba"
            ],
            "index": "pypi",
            "version": "==1.5.3"
        },
        "entrypoints": {
            "hashes": [
                "sha256:589f874b313739ad35be6e0cd7efde2a4e9b6fea91edcc34e58ecbb8dbe56d19",
                "sha256:c70dd71abe5a8c85e55e12c19bd91ccfeec11a6e99044204511f9ed547d48451"
            ],
            "version": "==0.3"
        },
        "flake8": {
            "hashes": [
                "sha256:19241c1cbc971b9962473e4438a2ca19749a7dd002dd1a946eaba171b4114548",
                "sha256:8e9dfa3cecb2400b3738a42c54c3043e821682b9c840b0448c0503f781130696"
            ],
            "index": "pypi",
            "version": "==3.7.8"
        },
        "flake8-black": {
            "hashes": [
                "sha256:56f85aaa5a83f06a3f61e680e3b50f156b5e557ebdcb964d823d86f4c108b0c8"
            ],
            "index": "pypi",
            "version": "==0.1.1"
        },
        "freezegun": {
            "hashes": [
                "sha256:2a4d9c8cd3c04a201e20c313caf8b6338f1cfa4cda43f46a94cc4a9fd13ea5e7",
                "sha256:edfdf5bc6040969e6ed2e36eafe277963bdc8b7c01daeda96c5c8594576c9390"
            ],
            "index": "pypi",
            "version": "==0.3.12"
        },
        "importlib-metadata": {
            "hashes": [
                "sha256:aa18d7378b00b40847790e7c27e11673d7fed219354109d0e7b9e5b25dc3ad26",
                "sha256:d5f18a79777f3aa179c145737780282e27b508fc8fd688cb17c7a813e8bd39af"
            ],
            "markers": "python_version < '3.8'",
            "version": "==0.23"
        },
        "mccabe": {
            "hashes": [
                "sha256:ab8a6258860da4b6677da4bd2fe5dc2c659cff31b3ee4f7f5d64e79735b80d42",
                "sha256:dd8d182285a0fe56bace7f45b5e7d1a6ebcbf524e8f3bd87eb0f125271b8831f"
            ],
            "version": "==0.6.1"
        },
        "more-itertools": {
            "hashes": [
                "sha256:409cd48d4db7052af495b09dec721011634af3753ae1ef92d2b32f73a745f832",
                "sha256:92b8c4b06dac4f0611c0729b2f2ede52b2e1bac1ab48f089c7ddc12e26bb60c4"
            ],
            "version": "==7.2.0"
        },
        "nose": {
            "hashes": [
                "sha256:9ff7c6cc443f8c51994b34a667bbcf45afd6d945be7477b52e97516fd17c53ac",
                "sha256:dadcddc0aefbf99eea214e0f1232b94f2fa9bd98fa8353711dacb112bfcbbb2a",
                "sha256:f1bffef9cbc82628f6e7d7b40d7e255aefaa1adb6a1b1d26c69a8b79e6208a98"
            ],
            "version": "==1.3.7"
        },
        "packaging": {
            "hashes": [
                "sha256:28b924174df7a2fa32c1953825ff29c61e2f5e082343165438812f00d3a7fc47",
                "sha256:d9551545c6d761f3def1677baf08ab2a3ca17c56879e70fecba2fc4dde4ed108"
            ],
            "version": "==19.2"
        },
        "pluggy": {
            "hashes": [
                "sha256:0db4b7601aae1d35b4a033282da476845aa19185c1e6964b25cf324b5e4ec3e6",
                "sha256:fa5fa1622fa6dd5c030e9cad086fa19ef6a0cf6d7a2d12318e10cb49d6d68f34"
            ],
            "version": "==0.13.0"
        },
        "py": {
            "hashes": [
                "sha256:64f65755aee5b381cea27766a3a147c3f15b9b6b9ac88676de66ba2ae36793fa",
                "sha256:dc639b046a6e2cff5bbe40194ad65936d6ba360b52b3c3fe1d08a82dd50b5e53"
            ],
            "version": "==1.8.0"
        },
        "pycodestyle": {
            "hashes": [
                "sha256:95a2219d12372f05704562a14ec30bc76b05a5b297b21a5dfe3f6fac3491ae56",
                "sha256:e40a936c9a450ad81df37f549d676d127b1b66000a6c500caa2b085bc0ca976c"
            ],
            "version": "==2.5.0"
        },
        "pyficache": {
            "hashes": [
                "sha256:1f32317644e9fcf2131de0ffced2399c591acc6fe8e6248e63515d880b923b13",
                "sha256:48e823bc09ee5e6e65a607c8cd375efe644993e9a95e7ee9843ce7ae9e5f666f",
                "sha256:85b83dd0215acdf9a4fae4f388dabf693f9a3c8df0615e2161ae75de448d824c",
                "sha256:87126bc40fe0d5703b267381e394ad2fbf09370d256073ee2f5fb2f6b2436dbc",
                "sha256:8d7f89021836a3a54ee8925f7e405b6c8a1c62872fc0e5ac273ca00418ea1e20",
                "sha256:98991eb34d3a6a9c2c4b8e3daa30bf3dfd1f79cc47af402e95e6a01332190a46",
                "sha256:a124e2ec5d94795f36abfa983dd57c5b61c1c60ea666ca9afc8d149f0562ef93",
                "sha256:f4095475201f30bab2e66c99436bd516cabfe24958159d9cb5d1e7a4d3769e67"
            ],
            "version": "==1.0.0"
        },
        "pyflakes": {
            "hashes": [
                "sha256:17dbeb2e3f4d772725c777fabc446d5634d1038f234e77343108ce445ea69ce0",
                "sha256:d976835886f8c5b31d47970ed689944a0262b5f3afa00a5a7b4dc81e5449f8a2"
            ],
            "version": "==2.1.1"
        },
        "pygments": {
            "hashes": [
                "sha256:78f3f434bcc5d6ee09020f92ba487f95ba50f1e3ef83ae96b9d5ffa1bab25c5d",
                "sha256:dbae1046def0efb574852fab9e90209b23f556367b5a320c0bcb871c77c3e8cc"
            ],
            "version": "==2.2.0"
        },
        "pyparsing": {
            "hashes": [
                "sha256:6f98a7b9397e206d78cc01df10131398f1c8b8510a2f4d97d9abd82e1aacdd80",
                "sha256:d9338df12903bbf5d65a0e4e87c2161968b10d2e489652bb47001d82a9b028b4"
            ],
            "version": "==2.4.2"
        },
        "pytest": {
            "hashes": [
                "sha256:7e4800063ccfc306a53c461442526c5571e1462f61583506ce97e4da6a1d88c8",
                "sha256:ca563435f4941d0cb34767301c27bc65c510cb82e90b9ecf9cb52dc2c63caaa0"
            ],
            "index": "pypi",
            "version": "==5.2.1"
        },
        "pytest-cov": {
            "hashes": [
                "sha256:cc6742d8bac45070217169f5f72ceee1e0e55b0221f54bcf24845972d3a47f2b",
                "sha256:cdbdef4f870408ebdbfeb44e63e07eb18bb4619fae852f6e760645fa36172626"
            ],
            "index": "pypi",
            "version": "==2.8.1"
        },
        "python-dateutil": {
            "hashes": [
                "sha256:7e6584c74aeed623791615e26efd690f29817a27c73085b78e4bad02493df2fb",
                "sha256:c89805f6f4d64db21ed966fda138f8a5ed7a4fdbc1a8ee329ce1b74e3c74da9e"
            ],
            "version": "==2.8.0"
        },
        "readline": {
            "hashes": [
                "sha256:e00f86e03dfe52e7d1502cec5c64070b32621c85509c0081a4cfa6a0294bd107"
            ],
            "index": "pypi",
            "version": "==6.2.4.1"
        },
        "six": {
            "hashes": [
                "sha256:3350809f0555b11f552448330d0b52d5f24c91a322ea4a15ef22629740f3761c",
                "sha256:d16a0141ec1a18405cd4ce8b4613101da75da0e9a7aec5bdd4fa804d0e0eba73"
            ],
            "version": "==1.12.0"
        },
        "spark-parser": {
            "hashes": [
                "sha256:a7bb97b97953fb8bf0cd8158d820b6467ef1e7f747738e82248ae4c824f1e25a",
                "sha256:e4d366116268010100f054ebda99b3b880c64e4b0aa3d58629ec79e6d033b077",
                "sha256:ea9c25fa79206f23b2b4c233edf5ce9c17edc97b4f39a70056b31f50a2166cce"
            ],
            "version": "==1.8.9"
        },
        "toml": {
            "hashes": [
                "sha256:229f81c57791a41d65e399fc06bf0848bab550a9dfd5ed66df18ce5f05e73d5c",
                "sha256:235682dd292d5899d361a811df37e04a8828a5b1da3115886b73cf81ebc9100e"
            ],
            "version": "==0.10.0"
        },
        "tracer": {
            "hashes": [
                "sha256:1ddb3f438ea5ab4180776e8bb8bfa857edf7f52264f6b8189bba2bafb1a7cae3"
            ],
            "version": "==0.3.2"
        },
        "trepan3k": {
            "hashes": [
                "sha256:cdee685b2fdbfa8b86138b4fae91ccede8056365e0307d8d4b45dcaca69d334d",
                "sha256:f266302cd14af901f71ffdb1053423b532ddf2712f976ff120214427145c6ac2"
            ],
            "index": "pypi",
            "version": "==0.8.10"
        },
        "uncompyle6": {
            "hashes": [
                "sha256:5ace711230c53d2ab9f4cbe0f00a08d6d06508ea5f0bf158851454b2618411dd",
                "sha256:8d5e3a2f1bd314f0d12290bf0d36a594ab6a250a51a5fa7a5215b58148be838b",
                "sha256:c24b9b8c72ad49c60c53cb7d431b10d89d40fd39e9a2436f1efa86f9ce693166",
                "sha256:fc856677f41843ed8577dad4d0cf95e8be017b11c2501fad1b39209eb26a41aa"
            ],
            "version": "==3.4.1"
        },
        "wcwidth": {
            "hashes": [
                "sha256:3df37372226d6e63e1b1e1eda15c594bca98a22d33a23832a90998faa96bc65e",
                "sha256:f4ebe71925af7b40a864553f761ed559b43544f8f71746c2d756c7fe788ade7c"
            ],
            "version": "==0.1.7"
        },
        "xdis": {
            "hashes": [
                "sha256:002cca73efd98c3b5e5b95b56538c9f951262344995a3be08ce43f66f85e35cc",
                "sha256:2dd5947f3c35a23a8fb765fb6436b2191b4c8d0f611ae68c5e9c087d6b66bd5e",
                "sha256:537eec1348225c25e546f0e63aa71e362b9bbf6baa60ae29f3d8df1d3c0aded6",
                "sha256:6a70b84545c1de0ca21ecf6edd36e2bfd4d9a803dcb432b4e53fde1719c30656",
                "sha256:ae0bb0f5f3b6596bc51946dc4e2321b8e5bcf68e6f99db9abf082571299af62d",
                "sha256:e8f68e2efd99eee0df0805e0f3c75fc9d3562f2917b4a8149250e3d62a78aa29",
                "sha256:eb520b91615c9c779b2411817464536dd0af02ec8398455e088d4ee840a61599",
                "sha256:f09c07c3f91f44579232c77c56d990f3417ce179f036094f02a7251ea2a08e44",
                "sha256:f3bd705c8721ec938ad9d302ef9a429addf3d5f58c66dc4daf81ffedb08f6585"
            ],
            "version": "==4.0.4"
        },
        "zipp": {
            "hashes": [
                "sha256:3718b1cbcd963c7d4c5511a8240812904164b7f381b647143a89d3b98f9bcd8e",
                "sha256:f06903e9f1f43b12d371004b4ac7b06ab39a44adc747266928ae6debfa7b3335"
            ],
            "version": "==0.6.0"
        }
    }
}
